
Microsoft Visual Studio Solution File, Format Version 12.00
# Visual Studio Version 16
VisualStudioVersion = 16.0.31424.327
MinimumVisualStudioVersion = 10.0.40219.1
Project("{FAE04EC0-301F-11D3-BF4B-00C04F79EFBC}") = "MatrixIterationSolved", "MatrixIterationSolved\MatrixIterationSolved.csproj", "{D14FD626-AE8F-478F-88F8-322AD1386F8C}"
EndProject
Global
	GlobalSection(SolutionConfigurationPlatforms) = preSolution
		Debug|Any CPU = Debug|Any CPU
		Release|Any CPU = Release|Any CPU
	EndGlobalSection
	GlobalSection(ProjectConfigurationPlatforms) = postSolution
		{D14FD626-AE8F-478F-88F8-322AD1386F8C}.Debug|Any CPU.ActiveCfg = Debug|Any CPU
		{D14FD626-AE8F-478F-88F8-322AD1386F8C}.Debug|Any CPU.Build.0 = Debug|Any CPU
		{D14FD626-AE8F-478F-88F8-322AD1386F8C}.Release|Any CPU.ActiveCfg = Release|Any CPU
		{D14FD626-AE8F-478F-88F8-322AD1386F8C}.Release|Any CPU.Build.0 = Release|Any CPU
	EndGlobalSection
	GlobalSection(SolutionProperties) = preSolution
		HideSolutionNode = FALSE
	EndGlobalSection
	GlobalSection(ExtensibilityGlobals) = postSolution
		SolutionGuid = {0E3E2799-04E1-46F1-81BF-99E75BD446FC}
	EndGlobalSection
EndGlobal
