
Microsoft Visual Studio Solution File, Format Version 12.00
# Visual Studio Version 16
VisualStudioVersion = 16.0.31424.327
MinimumVisualStudioVersion = 10.0.40219.1
Project("{FAE04EC0-301F-11D3-BF4B-00C04F79EFBC}") = "MatrixIteration", "MatrixIteration\MatrixIteration.csproj", "{38BCE793-3393-4E35-8CE3-7F1083474736}"
EndProject
Global
	GlobalSection(SolutionConfigurationPlatforms) = preSolution
		Debug|Any CPU = Debug|Any CPU
		Release|Any CPU = Release|Any CPU
	EndGlobalSection
	GlobalSection(ProjectConfigurationPlatforms) = postSolution
		{38BCE793-3393-4E35-8CE3-7F1083474736}.Debug|Any CPU.ActiveCfg = Debug|Any CPU
		{38BCE793-3393-4E35-8CE3-7F1083474736}.Debug|Any CPU.Build.0 = Debug|Any CPU
		{38BCE793-3393-4E35-8CE3-7F1083474736}.Release|Any CPU.ActiveCfg = Release|Any CPU
		{38BCE793-3393-4E35-8CE3-7F1083474736}.Release|Any CPU.Build.0 = Release|Any CPU
	EndGlobalSection
	GlobalSection(SolutionProperties) = preSolution
		HideSolutionNode = FALSE
	EndGlobalSection
	GlobalSection(ExtensibilityGlobals) = postSolution
		SolutionGuid = {0824DD16-987F-4890-8F13-7AC360E43A7A}
	EndGlobalSection
EndGlobal
