
Microsoft Visual Studio Solution File, Format Version 12.00
# Visual Studio Version 16
VisualStudioVersion = 16.0.31424.327
MinimumVisualStudioVersion = 10.0.40219.1
Project("{FAE04EC0-301F-11D3-BF4B-00C04F79EFBC}") = "Factorial", "Factorial\Factorial.csproj", "{49CF9EBC-1171-421C-A33A-7B44CA975C26}"
EndProject
Global
	GlobalSection(SolutionConfigurationPlatforms) = preSolution
		Debug|Any CPU = Debug|Any CPU
		Release|Any CPU = Release|Any CPU
	EndGlobalSection
	GlobalSection(ProjectConfigurationPlatforms) = postSolution
		{49CF9EBC-1171-421C-A33A-7B44CA975C26}.Debug|Any CPU.ActiveCfg = Debug|Any CPU
		{49CF9EBC-1171-421C-A33A-7B44CA975C26}.Debug|Any CPU.Build.0 = Debug|Any CPU
		{49CF9EBC-1171-421C-A33A-7B44CA975C26}.Release|Any CPU.ActiveCfg = Release|Any CPU
		{49CF9EBC-1171-421C-A33A-7B44CA975C26}.Release|Any CPU.Build.0 = Release|Any CPU
	EndGlobalSection
	GlobalSection(SolutionProperties) = preSolution
		HideSolutionNode = FALSE
	EndGlobalSection
	GlobalSection(ExtensibilityGlobals) = postSolution
		SolutionGuid = {775ACCEA-B201-4031-91D7-3EF8667A373E}
	EndGlobalSection
EndGlobal
