
Microsoft Visual Studio Solution File, Format Version 12.00
# Visual Studio Version 16
VisualStudioVersion = 16.0.31424.327
MinimumVisualStudioVersion = 10.0.40219.1
Project("{FAE04EC0-301F-11D3-BF4B-00C04F79EFBC}") = "MaxAndMinimumSolved", "MaxAndMinimumSolved\MaxAndMinimumSolved.csproj", "{4D4D1298-C1B8-4466-8DD5-419B6F1678D9}"
EndProject
Global
	GlobalSection(SolutionConfigurationPlatforms) = preSolution
		Debug|Any CPU = Debug|Any CPU
		Release|Any CPU = Release|Any CPU
	EndGlobalSection
	GlobalSection(ProjectConfigurationPlatforms) = postSolution
		{4D4D1298-C1B8-4466-8DD5-419B6F1678D9}.Debug|Any CPU.ActiveCfg = Debug|Any CPU
		{4D4D1298-C1B8-4466-8DD5-419B6F1678D9}.Debug|Any CPU.Build.0 = Debug|Any CPU
		{4D4D1298-C1B8-4466-8DD5-419B6F1678D9}.Release|Any CPU.ActiveCfg = Release|Any CPU
		{4D4D1298-C1B8-4466-8DD5-419B6F1678D9}.Release|Any CPU.Build.0 = Release|Any CPU
	EndGlobalSection
	GlobalSection(SolutionProperties) = preSolution
		HideSolutionNode = FALSE
	EndGlobalSection
	GlobalSection(ExtensibilityGlobals) = postSolution
		SolutionGuid = {50A7F10A-3ABD-47AC-BE96-306165A590B8}
	EndGlobalSection
EndGlobal
